github.com/fxamacker/cbor/v2 v2.4.0 h1:ri0ArlOR+5XunOP8CRUowT0pSJOwhW098ZCUyskZD88=
github.com/fxamacker/cbor/v2 v2.4.0/go.mod h1:TA1xS00nchWmaBnEIxPSE5oHLuJBAVvqrtAnWBwBCVo=
github.com/fxamacker/cbor/v2 v2.5.0 h1:oHsG0V/Q6E/wqTS2O1Cozzsy69nqCiguo5Q1a1ADivE=
github.com/fxamacker/cbor/v2 v2.5.0/go.mod h1:TA1xS00nchWmaBnEIxPSE5oHLuJBAVvqrtAnWBwBCVo=
github.com/x448/float16 v0.8.4 h1:qLwI1I70+NjRFUR3zs1JPUCgaCXSh3SW62uAKT1mSBM=
github.com/x448/float16 v0.8.4/go.mod h1:14CWIYCyZA/cWjXOioeEpHeN/83MdbZDRQHoFcYsOfg=
go.arcalot.io/assert v1.3.0 h1:+uQex4s9gezATpTyFxUY5dlAcrwI1Me5fSmdcydGHho=
go.arcalot.io/assert v1.3.0/go.mod h1:Xy3ScX0p9IMY89gdsgexOKxnmDr0nGHG9dV7p8Uxg7w=
go.arcalot.io/assert v1.4.0/go.mod h1:Xy3ScX0p9IMY89gdsgexOKxnmDr0nGHG9dV7p8Uxg7w=
go.arcalot.io/log/v2 v2.0.0 h1:mbmsWDVBXZNWrDzUh5JLzeGCQ59kTuMFs+pyfJGc1hk=
go.arcalot.io/log/v2 v2.0.0/go.mod h1:1V8jnFIIGwh2CtcGkHNOmy1nCo7LbazQNkUcnKYNMn4=
go.flow.arcalot.io/deployer v0.2.0 h1:CpkCYlB8NfpmELIEPdw3/al8XknCSfD/L2vie2lJBJo=
go.flow.arcalot.io/deployer v0.2.0/go.mod h1:xVSB+svHVPmX6yTZIU0K4U/pDbs+rezsWa69vYA+E6k=
go.flow.arcalot.io/pluginsdk v0.3.0-beta.1 h1:RrC5SKDkhwG/enE/FajAxRF1izET61/LO4lhaI9q094=
go.flow.arcalot.io/pluginsdk v0.3.0-beta.1/go.mod h1:7cEk8LSxpZakyfrmKTPbiMhlrZvWtCPYcaI7qfSu8MM=
go.flow.arcalot.io/pluginsdk v0.4.0-beta.1.0.20230914222256-af7a31f84b1e h1:Wh4RQdU9x1GNL8e0gppx9kKmjKC05QHt3eA8rssp2S0=
go.flow.arcalot.io/pluginsdk v0.4.0-beta.1.0.20230914222256-af7a31f84b1e/go.mod h1:8Gp8Q0Eo0s+2I4nNl3uQ95jPi2zFKEX7JqyjhmK7BiI=
go.flow.arcalot.io/testplugin v0.1.0 h1:I2BT978XISjaSnQbpaJfmjo2cTmTeBV7q+1IwTGbrig=
go.flow.arcalot.io/testplugin v0.1.0/go.mod h1:RsEWotEbX4irH+OM/d3dUOZMhHeBDDhqUymIKqZlESU=
go.flow.arcalot.io/testplugin v0.1.1-0.20230914224236-656dd83abb0e h1:xb0swZIsOerWcN2/76HnzQhJvJkL+1NUgnKw7EqhArc=
go.flow.arcalot.io/testplugin v0.1.1-0.20230914224236-656dd83abb0e/go.mod h1:HBjElWQmsQeBWPTBNFc1EHAatWFMG13CuanhCmJ/0Jw=
gopkg.in/check.v1 v0.0.0-20161208181325-20d25e280405/go.mod h1:Co6ibVJAznAaIkqp8huTwlJQCZ016jof/cbN4VW5Yz0=
gopkg.in/yaml.v3 v3.0.1 h1:fxVm/GzAzEWqLHuvctI91KS9hhNmmWOoWu0XTYJS7CA=
gopkg.in/yaml.v3 v3.0.1/go.mod h1:K4uyk7z7BCEPqu6E+C64Yfv1cQ7kz7rIZviUmN+EgEM=
