github.com/fxamacker/cbor/v2 v2.5.0 h1:oHsG0V/Q6E/wqTS2O1Cozzsy69nqCiguo5Q1a1ADivE=
github.com/fxamacker/cbor/v2 v2.5.0/go.mod h1:TA1xS00nchWmaBnEIxPSE5oHLuJBAVvqrtAnWBwBCVo=
github.com/kr/text v0.2.0 h1:5Nx0Ya0ZqY2ygV366QzturHI13Jq95ApcVaJBhpS+AY=
github.com/niemeyer/pretty v0.0.0-20200227124842-a10e7caefd8e h1:fD57ERR4JtEqsWbfPhv4DMiApHyliiK5xCTNVSPiaAs=
github.com/x448/float16 v0.8.4 h1:qLwI1I70+NjRFUR3zs1JPUCgaCXSh3SW62uAKT1mSBM=
github.com/x448/float16 v0.8.4/go.mod h1:14CWIYCyZA/cWjXOioeEpHeN/83MdbZDRQHoFcYsOfg=
go.arcalot.io/assert v1.6.0 h1:iKA8SZZ1MRblMX5QAwwY5RbpR+VNyp//4IU7vo08Xu0=
go.arcalot.io/assert v1.6.0/go.mod h1:Xy3ScX0p9IMY89gdsgexOKxnmDr0nGHG9dV7p8Uxg7w=
go.arcalot.io/log/v2 v2.0.0 h1:mbmsWDVBXZNWrDzUh5JLzeGCQ59kTuMFs+pyfJGc1hk=
go.arcalot.io/log/v2 v2.0.0/go.mod h1:1V8jnFIIGwh2CtcGkHNOmy1nCo7LbazQNkUcnKYNMn4=
go.flow.arcalot.io/deployer v0.2.0 h1:CpkCYlB8NfpmELIEPdw3/al8XknCSfD/L2vie2lJBJo=
go.flow.arcalot.io/deployer v0.2.0/go.mod h1:xVSB+svHVPmX6yTZIU0K4U/pDbs+rezsWa69vYA+E6k=
go.flow.arcalot.io/pluginsdk v0.5.0-beta.2 h1:y69ZKZKghAV4cb3w2XPGFculRo+3mWxwJXX2WPfw0qQ=
go.flow.arcalot.io/pluginsdk v0.5.0-beta.2/go.mod h1:2s2f//7uOkBjr1QaiWJD/bqDIeLlINJtD1BhiY4aGPM=
go.flow.arcalot.io/testplugin v0.2.0 h1:X31mcq8+bb5wPDIYSzeodILArElKjEzYzSWFrOZOgX8=
go.flow.arcalot.io/testplugin v0.2.0/go.mod h1:HBjElWQmsQeBWPTBNFc1EHAatWFMG13CuanhCmJ/0Jw=
gopkg.in/check.v1 v0.0.0-20161208181325-20d25e280405/go.mod h1:Co6ibVJAznAaIkqp8huTwlJQCZ016jof/cbN4VW5Yz0=
gopkg.in/check.v1 v1.0.0-20200227125254-8fa46927fb4f h1:BLraFXnmrev5lT+xlilqcH8XK9/i0At2xKjWk4p6zsU=
gopkg.in/yaml.v3 v3.0.1 h1:fxVm/GzAzEWqLHuvctI91KS9hhNmmWOoWu0XTYJS7CA=
gopkg.in/yaml.v3 v3.0.1/go.mod h1:K4uyk7z7BCEPqu6E+C64Yfv1cQ7kz7rIZviUmN+EgEM=
